
Microsoft Visual Studio Solution File, Format Version 12.00
# Visual Studio 14
VisualStudioVersion = 14.0.25420.1
MinimumVisualStudioVersion = 10.0.40219.1
Project("{FAE04EC0-301F-11D3-BF4B-00C04F79EFBC}") = "Hello", "Hello\Hello.csproj", "{E73ED87C-155E-4285-A875-E5A96A3CAAED}"
EndProject
Project("{FAE04EC0-301F-11D3-BF4B-00C04F79EFBC}") = "MiniCalc", "MiniCalc\MiniCalc.csproj", "{C334D1BD-086B-4CCE-BFC2-5873DA079EA1}"
EndProject
Project("{FAE04EC0-301F-11D3-BF4B-00C04F79EFBC}") = "Primtal", "Primtal\Primtal.csproj", "{946C9896-B19F-47CF-B396-CAEA366A81F9}"
EndProject
Project("{FAE04EC0-301F-11D3-BF4B-00C04F79EFBC}") = "SlowText", "SlowText\SlowText.csproj", "{8479571B-251F-4A01-B481-6DFB6F1B6518}"
EndProject
Project("{FAE04EC0-301F-11D3-BF4B-00C04F79EFBC}") = "Arrays", "Arrays\Arrays.csproj", "{D8365368-6365-4DE5-B018-05ABFB3C5DDE}"
EndProject
Project("{FAE04EC0-301F-11D3-BF4B-00C04F79EFBC}") = "Game of life", "Game of life\Game of life.csproj", "{4A054CEE-026B-493B-A6F5-22B9B2698922}"
EndProject
Project("{FAE04EC0-301F-11D3-BF4B-00C04F79EFBC}") = "FractalTree", "FractalTree\FractalTree.csproj", "{06386F74-DCF4-4265-ACB6-343E4EE5866D}"
EndProject
Global
	GlobalSection(SolutionConfigurationPlatforms) = preSolution
		Debug|Any CPU = Debug|Any CPU
		Release|Any CPU = Release|Any CPU
	EndGlobalSection
	GlobalSection(ProjectConfigurationPlatforms) = postSolution
		{E73ED87C-155E-4285-A875-E5A96A3CAAED}.Debug|Any CPU.ActiveCfg = Debug|Any CPU
		{E73ED87C-155E-4285-A875-E5A96A3CAAED}.Debug|Any CPU.Build.0 = Debug|Any CPU
		{E73ED87C-155E-4285-A875-E5A96A3CAAED}.Release|Any CPU.ActiveCfg = Release|Any CPU
		{E73ED87C-155E-4285-A875-E5A96A3CAAED}.Release|Any CPU.Build.0 = Release|Any CPU
		{C334D1BD-086B-4CCE-BFC2-5873DA079EA1}.Debug|Any CPU.ActiveCfg = Debug|Any CPU
		{C334D1BD-086B-4CCE-BFC2-5873DA079EA1}.Debug|Any CPU.Build.0 = Debug|Any CPU
		{C334D1BD-086B-4CCE-BFC2-5873DA079EA1}.Release|Any CPU.ActiveCfg = Release|Any CPU
		{C334D1BD-086B-4CCE-BFC2-5873DA079EA1}.Release|Any CPU.Build.0 = Release|Any CPU
		{946C9896-B19F-47CF-B396-CAEA366A81F9}.Debug|Any CPU.ActiveCfg = Debug|Any CPU
		{946C9896-B19F-47CF-B396-CAEA366A81F9}.Debug|Any CPU.Build.0 = Debug|Any CPU
		{946C9896-B19F-47CF-B396-CAEA366A81F9}.Release|Any CPU.ActiveCfg = Release|Any CPU
		{946C9896-B19F-47CF-B396-CAEA366A81F9}.Release|Any CPU.Build.0 = Release|Any CPU
		{8479571B-251F-4A01-B481-6DFB6F1B6518}.Debug|Any CPU.ActiveCfg = Debug|Any CPU
		{8479571B-251F-4A01-B481-6DFB6F1B6518}.Debug|Any CPU.Build.0 = Debug|Any CPU
		{8479571B-251F-4A01-B481-6DFB6F1B6518}.Release|Any CPU.ActiveCfg = Release|Any CPU
		{8479571B-251F-4A01-B481-6DFB6F1B6518}.Release|Any CPU.Build.0 = Release|Any CPU
		{D8365368-6365-4DE5-B018-05ABFB3C5DDE}.Debug|Any CPU.ActiveCfg = Debug|Any CPU
		{D8365368-6365-4DE5-B018-05ABFB3C5DDE}.Debug|Any CPU.Build.0 = Debug|Any CPU
		{D8365368-6365-4DE5-B018-05ABFB3C5DDE}.Release|Any CPU.ActiveCfg = Release|Any CPU
		{D8365368-6365-4DE5-B018-05ABFB3C5DDE}.Release|Any CPU.Build.0 = Release|Any CPU
		{4A054CEE-026B-493B-A6F5-22B9B2698922}.Debug|Any CPU.ActiveCfg = Debug|Any CPU
		{4A054CEE-026B-493B-A6F5-22B9B2698922}.Debug|Any CPU.Build.0 = Debug|Any CPU
		{4A054CEE-026B-493B-A6F5-22B9B2698922}.Release|Any CPU.ActiveCfg = Release|Any CPU
		{4A054CEE-026B-493B-A6F5-22B9B2698922}.Release|Any CPU.Build.0 = Release|Any CPU
		{06386F74-DCF4-4265-ACB6-343E4EE5866D}.Debug|Any CPU.ActiveCfg = Debug|Any CPU
		{06386F74-DCF4-4265-ACB6-343E4EE5866D}.Debug|Any CPU.Build.0 = Debug|Any CPU
		{06386F74-DCF4-4265-ACB6-343E4EE5866D}.Release|Any CPU.ActiveCfg = Release|Any CPU
		{06386F74-DCF4-4265-ACB6-343E4EE5866D}.Release|Any CPU.Build.0 = Release|Any CPU
	EndGlobalSection
	GlobalSection(SolutionProperties) = preSolution
		HideSolutionNode = FALSE
	EndGlobalSection
EndGlobal
